// !$*UTF8*$!
{
	archiveVersion = 1;
	classes = {
	};
	objectVersion = 55;
	objects = {

/* Begin PBXBuildFile section */
		C31404F62800C77C00B3F949 /* TablePersonRole.swift in Sources */ = {isa = PBXBuildFile; fileRef = C31404F52800C77C00B3F949 /* TablePersonRole.swift */; };
		C31404F82801C41500B3F949 /* MovieListViewController.swift in Sources */ = {isa = PBXBuildFile; fileRef = C31404F72801C41500B3F949 /* MovieListViewController.swift */; };
		C31404FA2801C54900B3F949 /* SearchBarView.swift in Sources */ = {isa = PBXBuildFile; fileRef = C31404F92801C54900B3F949 /* SearchBarView.swift */; };
		C31404FD2801CA1400B3F949 /* MovieAppData in Frameworks */ = {isa = PBXBuildFile; productRef = C31404FC2801CA1400B3F949 /* MovieAppData */; };
		C31405012802290700B3F949 /* ListOfMoviesCollectionViewCell.swift in Sources */ = {isa = PBXBuildFile; fileRef = C31405002802290700B3F949 /* ListOfMoviesCollectionViewCell.swift */; };
		C31405082802DDA300B3F949 /* ListOfMoviesTableViewCell.swift in Sources */ = {isa = PBXBuildFile; fileRef = C31405072802DDA300B3F949 /* ListOfMoviesTableViewCell.swift */; };
		C314050E28030E4200B3F949 /* MovieCollectionCell.swift in Sources */ = {isa = PBXBuildFile; fileRef = C314050D28030E4200B3F949 /* MovieCollectionCell.swift */; };
		C31405102803365200B3F949 /* FilterCell.swift in Sources */ = {isa = PBXBuildFile; fileRef = C314050F2803365200B3F949 /* FilterCell.swift */; };
		C3140516281FF2A200B3F949 /* FilterCellModel.swift in Sources */ = {isa = PBXBuildFile; fileRef = C3140515281FF2A200B3F949 /* FilterCellModel.swift */; };
		C314051A28200AD200B3F949 /* TitleDescriptionImageModel.swift in Sources */ = {isa = PBXBuildFile; fileRef = C314051928200AD200B3F949 /* TitleDescriptionImageModel.swift */; };
		C314051C2821D3D600B3F949 /* FavoritesViewController.swift in Sources */ = {isa = PBXBuildFile; fileRef = C314051B2821D3D600B3F949 /* FavoritesViewController.swift */; };
		C31405202823B98500B3F949 /* NetworkService.swift in Sources */ = {isa = PBXBuildFile; fileRef = C314051F2823B98500B3F949 /* NetworkService.swift */; };
		C314052228240DA100B3F949 /* MyResult.swift in Sources */ = {isa = PBXBuildFile; fileRef = C314052128240DA000B3F949 /* MyResult.swift */; };
		C314052428240F2400B3F949 /* Response.swift in Sources */ = {isa = PBXBuildFile; fileRef = C314052328240F2400B3F949 /* Response.swift */; };
		C35FE3472800B4F600D3DAAF /* SnapKit in Frameworks */ = {isa = PBXBuildFile; productRef = C35FE3462800B4F600D3DAAF /* SnapKit */; };
		C362A0322827AAC20021CC50 /* NoNetworkViewController.swift in Sources */ = {isa = PBXBuildFile; fileRef = C362A0312827AAC10021CC50 /* NoNetworkViewController.swift */; };
		C362A0342827F0490021CC50 /* NetworkServiceProtocol.swift in Sources */ = {isa = PBXBuildFile; fileRef = C362A0332827F0490021CC50 /* NetworkServiceProtocol.swift */; };
		C3669AF927F25F1300170F23 /* AppDelegate.swift in Sources */ = {isa = PBXBuildFile; fileRef = C3669AF827F25F1300170F23 /* AppDelegate.swift */; };
		C3669AFB27F25F1300170F23 /* SceneDelegate.swift in Sources */ = {isa = PBXBuildFile; fileRef = C3669AFA27F25F1300170F23 /* SceneDelegate.swift */; };
		C3669AFD27F25F1300170F23 /* ViewController.swift in Sources */ = {isa = PBXBuildFile; fileRef = C3669AFC27F25F1300170F23 /* ViewController.swift */; };
		C3669B0027F25F1300170F23 /* Main.storyboard in Resources */ = {isa = PBXBuildFile; fileRef = C3669AFE27F25F1300170F23 /* Main.storyboard */; };
		C3669B0227F25F1400170F23 /* Assets.xcassets in Resources */ = {isa = PBXBuildFile; fileRef = C3669B0127F25F1400170F23 /* Assets.xcassets */; };
		C3669B0527F25F1400170F23 /* LaunchScreen.storyboard in Resources */ = {isa = PBXBuildFile; fileRef = C3669B0327F25F1400170F23 /* LaunchScreen.storyboard */; };
		C3669B0D27F267F400170F23 /* MovieDetailsViewController.swift in Sources */ = {isa = PBXBuildFile; fileRef = C3669B0C27F267F400170F23 /* MovieDetailsViewController.swift */; };
		C3C70216282547DD00C34FD1 /* AppRouter.swift in Sources */ = {isa = PBXBuildFile; fileRef = C3C70215282547DD00C34FD1 /* AppRouter.swift */; };
		C3C7021C2825744F00C34FD1 /* MovieGenresTitleModel.swift in Sources */ = {isa = PBXBuildFile; fileRef = C3C7021B2825744F00C34FD1 /* MovieGenresTitleModel.swift */; };
		C3C7021E282574BC00C34FD1 /* Genre.swift in Sources */ = {isa = PBXBuildFile; fileRef = C3C7021D282574BC00C34FD1 /* Genre.swift */; };
		C3C70220282574E700C34FD1 /* Genres.swift in Sources */ = {isa = PBXBuildFile; fileRef = C3C7021F282574E700C34FD1 /* Genres.swift */; };
		C3C70222282575FC00C34FD1 /* MovieGroupAPI.swift in Sources */ = {isa = PBXBuildFile; fileRef = C3C70221282575FC00C34FD1 /* MovieGroupAPI.swift */; };
		C3C70225282703ED00C34FD1 /* MovieDetailsModel.swift in Sources */ = {isa = PBXBuildFile; fileRef = C3C70224282703ED00C34FD1 /* MovieDetailsModel.swift */; };
		C3C702272827059500C34FD1 /* ProductionCompanies.swift in Sources */ = {isa = PBXBuildFile; fileRef = C3C702262827059500C34FD1 /* ProductionCompanies.swift */; };
		C3C702292827065E00C34FD1 /* SpokenLanguages.swift in Sources */ = {isa = PBXBuildFile; fileRef = C3C702282827065E00C34FD1 /* SpokenLanguages.swift */; };
		C3C7022B282706FC00C34FD1 /* ProductionCountries.swift in Sources */ = {isa = PBXBuildFile; fileRef = C3C7022A282706FC00C34FD1 /* ProductionCountries.swift */; };
		C3C7022D282709B800C34FD1 /* Collection.swift in Sources */ = {isa = PBXBuildFile; fileRef = C3C7022C282709B800C34FD1 /* Collection.swift */; };
/* End PBXBuildFile section */

/* Begin PBXFileReference section */
		C31404F52800C77C00B3F949 /* TablePersonRole.swift */ = {isa = PBXFileReference; lastKnownFileType = sourcecode.swift; path = TablePersonRole.swift; sourceTree = "<group>"; };
		C31404F72801C41500B3F949 /* MovieListViewController.swift */ = {isa = PBXFileReference; lastKnownFileType = sourcecode.swift; path = MovieListViewController.swift; sourceTree = "<group>"; };
		C31404F92801C54900B3F949 /* SearchBarView.swift */ = {isa = PBXFileReference; lastKnownFileType = sourcecode.swift; path = SearchBarView.swift; sourceTree = "<group>"; };
		C31405002802290700B3F949 /* ListOfMoviesCollectionViewCell.swift */ = {isa = PBXFileReference; lastKnownFileType = sourcecode.swift; path = ListOfMoviesCollectionViewCell.swift; sourceTree = "<group>"; };
		C31405072802DDA300B3F949 /* ListOfMoviesTableViewCell.swift */ = {isa = PBXFileReference; lastKnownFileType = sourcecode.swift; path = ListOfMoviesTableViewCell.swift; sourceTree = "<group>"; };
		C314050D28030E4200B3F949 /* MovieCollectionCell.swift */ = {isa = PBXFileReference; lastKnownFileType = sourcecode.swift; path = MovieCollectionCell.swift; sourceTree = "<group>"; };
		C314050F2803365200B3F949 /* FilterCell.swift */ = {isa = PBXFileReference; lastKnownFileType = sourcecode.swift; path = FilterCell.swift; sourceTree = "<group>"; };
		C3140515281FF2A200B3F949 /* FilterCellModel.swift */ = {isa = PBXFileReference; lastKnownFileType = sourcecode.swift; path = FilterCellModel.swift; sourceTree = "<group>"; };
		C314051928200AD200B3F949 /* TitleDescriptionImageModel.swift */ = {isa = PBXFileReference; lastKnownFileType = sourcecode.swift; path = TitleDescriptionImageModel.swift; sourceTree = "<group>"; };
		C314051B2821D3D600B3F949 /* FavoritesViewController.swift */ = {isa = PBXFileReference; lastKnownFileType = sourcecode.swift; path = FavoritesViewController.swift; sourceTree = "<group>"; };
		C314051F2823B98500B3F949 /* NetworkService.swift */ = {isa = PBXFileReference; lastKnownFileType = sourcecode.swift; path = NetworkService.swift; sourceTree = "<group>"; };
		C314052128240DA000B3F949 /* MyResult.swift */ = {isa = PBXFileReference; lastKnownFileType = sourcecode.swift; path = MyResult.swift; sourceTree = "<group>"; };
		C314052328240F2400B3F949 /* Response.swift */ = {isa = PBXFileReference; lastKnownFileType = sourcecode.swift; path = Response.swift; sourceTree = "<group>"; };
		C362A0312827AAC10021CC50 /* NoNetworkViewController.swift */ = {isa = PBXFileReference; lastKnownFileType = sourcecode.swift; path = NoNetworkViewController.swift; sourceTree = "<group>"; };
		C362A0332827F0490021CC50 /* NetworkServiceProtocol.swift */ = {isa = PBXFileReference; lastKnownFileType = sourcecode.swift; path = NetworkServiceProtocol.swift; sourceTree = "<group>"; };
		C3669AF527F25F1300170F23 /* MovieApp.app */ = {isa = PBXFileReference; explicitFileType = wrapper.application; includeInIndex = 0; path = MovieApp.app; sourceTree = BUILT_PRODUCTS_DIR; };
		C3669AF827F25F1300170F23 /* AppDelegate.swift */ = {isa = PBXFileReference; lastKnownFileType = sourcecode.swift; path = AppDelegate.swift; sourceTree = "<group>"; };
		C3669AFA27F25F1300170F23 /* SceneDelegate.swift */ = {isa = PBXFileReference; lastKnownFileType = sourcecode.swift; path = SceneDelegate.swift; sourceTree = "<group>"; };
		C3669AFC27F25F1300170F23 /* ViewController.swift */ = {isa = PBXFileReference; lastKnownFileType = sourcecode.swift; path = ViewController.swift; sourceTree = "<group>"; };
		C3669AFF27F25F1300170F23 /* Base */ = {isa = PBXFileReference; lastKnownFileType = file.storyboard; name = Base; path = Base.lproj/Main.storyboard; sourceTree = "<group>"; };
		C3669B0127F25F1400170F23 /* Assets.xcassets */ = {isa = PBXFileReference; lastKnownFileType = folder.assetcatalog; path = Assets.xcassets; sourceTree = "<group>"; };
		C3669B0427F25F1400170F23 /* Base */ = {isa = PBXFileReference; lastKnownFileType = file.storyboard; name = Base; path = Base.lproj/LaunchScreen.storyboard; sourceTree = "<group>"; };
		C3669B0627F25F1400170F23 /* Info.plist */ = {isa = PBXFileReference; lastKnownFileType = text.plist.xml; path = Info.plist; sourceTree = "<group>"; };
		C3669B0C27F267F400170F23 /* MovieDetailsViewController.swift */ = {isa = PBXFileReference; lastKnownFileType = sourcecode.swift; path = MovieDetailsViewController.swift; sourceTree = "<group>"; };
		C3C70215282547DD00C34FD1 /* AppRouter.swift */ = {isa = PBXFileReference; lastKnownFileType = sourcecode.swift; path = AppRouter.swift; sourceTree = "<group>"; };
		C3C7021B2825744F00C34FD1 /* MovieGenresTitleModel.swift */ = {isa = PBXFileReference; lastKnownFileType = sourcecode.swift; path = MovieGenresTitleModel.swift; sourceTree = "<group>"; };
		C3C7021D282574BC00C34FD1 /* Genre.swift */ = {isa = PBXFileReference; lastKnownFileType = sourcecode.swift; path = Genre.swift; sourceTree = "<group>"; };
		C3C7021F282574E700C34FD1 /* Genres.swift */ = {isa = PBXFileReference; lastKnownFileType = sourcecode.swift; path = Genres.swift; sourceTree = "<group>"; };
		C3C70221282575FC00C34FD1 /* MovieGroupAPI.swift */ = {isa = PBXFileReference; lastKnownFileType = sourcecode.swift; path = MovieGroupAPI.swift; sourceTree = "<group>"; };
		C3C70224282703ED00C34FD1 /* MovieDetailsModel.swift */ = {isa = PBXFileReference; lastKnownFileType = sourcecode.swift; path = MovieDetailsModel.swift; sourceTree = "<group>"; };
		C3C702262827059500C34FD1 /* ProductionCompanies.swift */ = {isa = PBXFileReference; lastKnownFileType = sourcecode.swift; path = ProductionCompanies.swift; sourceTree = "<group>"; };
		C3C702282827065E00C34FD1 /* SpokenLanguages.swift */ = {isa = PBXFileReference; lastKnownFileType = sourcecode.swift; path = SpokenLanguages.swift; sourceTree = "<group>"; };
		C3C7022A282706FC00C34FD1 /* ProductionCountries.swift */ = {isa = PBXFileReference; lastKnownFileType = sourcecode.swift; path = ProductionCountries.swift; sourceTree = "<group>"; };
		C3C7022C282709B800C34FD1 /* Collection.swift */ = {isa = PBXFileReference; lastKnownFileType = sourcecode.swift; path = Collection.swift; sourceTree = "<group>"; };
/* End PBXFileReference section */

/* Begin PBXFrameworksBuildPhase section */
		C3669AF227F25F1300170F23 /* Frameworks */ = {
			isa = PBXFrameworksBuildPhase;
			buildActionMask = 2147483647;
			files = (
				C35FE3472800B4F600D3DAAF /* SnapKit in Frameworks */,
				C31404FD2801CA1400B3F949 /* MovieAppData in Frameworks */,
			);
			runOnlyForDeploymentPostprocessing = 0;
		};
/* End PBXFrameworksBuildPhase section */

/* Begin PBXGroup section */
		C3669AEC27F25F1300170F23 = {
			isa = PBXGroup;
			children = (
				C3669AF727F25F1300170F23 /* MovieApp */,
				C3669AF627F25F1300170F23 /* Products */,
			);
			sourceTree = "<group>";
			usesTabs = 0;
		};
		C3669AF627F25F1300170F23 /* Products */ = {
			isa = PBXGroup;
			children = (
				C3669AF527F25F1300170F23 /* MovieApp.app */,
			);
			name = Products;
			sourceTree = "<group>";
		};
		C3669AF727F25F1300170F23 /* MovieApp */ = {
			isa = PBXGroup;
			children = (
				C3C702232827035C00C34FD1 /* Models */,
				C3669AF827F25F1300170F23 /* AppDelegate.swift */,
				C3669AFA27F25F1300170F23 /* SceneDelegate.swift */,
				C3669AFC27F25F1300170F23 /* ViewController.swift */,
				C3669AFE27F25F1300170F23 /* Main.storyboard */,
				C3669B0127F25F1400170F23 /* Assets.xcassets */,
				C3669B0327F25F1400170F23 /* LaunchScreen.storyboard */,
				C3669B0627F25F1400170F23 /* Info.plist */,
				C3669B0C27F267F400170F23 /* MovieDetailsViewController.swift */,
				C31404F52800C77C00B3F949 /* TablePersonRole.swift */,
				C31404F72801C41500B3F949 /* MovieListViewController.swift */,
				C31404F92801C54900B3F949 /* SearchBarView.swift */,
				C31405002802290700B3F949 /* ListOfMoviesCollectionViewCell.swift */,
				C31405072802DDA300B3F949 /* ListOfMoviesTableViewCell.swift */,
				C314050D28030E4200B3F949 /* MovieCollectionCell.swift */,
				C314050F2803365200B3F949 /* FilterCell.swift */,
				C314051B2821D3D600B3F949 /* FavoritesViewController.swift */,
				C314051F2823B98500B3F949 /* NetworkService.swift */,
				C362A0332827F0490021CC50 /* NetworkServiceProtocol.swift */,
				C3C70215282547DD00C34FD1 /* AppRouter.swift */,
				C362A0312827AAC10021CC50 /* NoNetworkViewController.swift */,
			);
			path = MovieApp;
			sourceTree = "<group>";
		};
		C3C702232827035C00C34FD1 /* Models */ = {
			isa = PBXGroup;
			children = (
				C3140515281FF2A200B3F949 /* FilterCellModel.swift */,
				C314051928200AD200B3F949 /* TitleDescriptionImageModel.swift */,
				C3C7021B2825744F00C34FD1 /* MovieGenresTitleModel.swift */,
				C3C70221282575FC00C34FD1 /* MovieGroupAPI.swift */,
				C3C7021D282574BC00C34FD1 /* Genre.swift */,
				C3C7021F282574E700C34FD1 /* Genres.swift */,
				C314052328240F2400B3F949 /* Response.swift */,
				C314052128240DA000B3F949 /* MyResult.swift */,
				C3C70224282703ED00C34FD1 /* MovieDetailsModel.swift */,
				C3C702262827059500C34FD1 /* ProductionCompanies.swift */,
				C3C702282827065E00C34FD1 /* SpokenLanguages.swift */,
				C3C7022A282706FC00C34FD1 /* ProductionCountries.swift */,
				C3C7022C282709B800C34FD1 /* Collection.swift */,
			);
			path = Models;
			sourceTree = "<group>";
		};
/* End PBXGroup section */

/* Begin PBXNativeTarget section */
		C3669AF427F25F1300170F23 /* MovieApp */ = {
			isa = PBXNativeTarget;
			buildConfigurationList = C3669B0927F25F1400170F23 /* Build configuration list for PBXNativeTarget "MovieApp" */;
			buildPhases = (
				C3669AF127F25F1300170F23 /* Sources */,
				C3669AF227F25F1300170F23 /* Frameworks */,
				C3669AF327F25F1300170F23 /* Resources */,
			);
			buildRules = (
			);
			dependencies = (
			);
			name = MovieApp;
			packageProductDependencies = (
				C35FE3462800B4F600D3DAAF /* SnapKit */,
				C31404FC2801CA1400B3F949 /* MovieAppData */,
			);
			productName = MovieApp;
			productReference = C3669AF527F25F1300170F23 /* MovieApp.app */;
			productType = "com.apple.product-type.application";
		};
/* End PBXNativeTarget section */

/* Begin PBXProject section */
		C3669AED27F25F1300170F23 /* Project object */ = {
			isa = PBXProject;
			attributes = {
				BuildIndependentTargetsInParallel = 1;
				LastSwiftUpdateCheck = 1320;
				LastUpgradeCheck = 1320;
				TargetAttributes = {
					C3669AF427F25F1300170F23 = {
						CreatedOnToolsVersion = 13.2.1;
					};
				};
			};
			buildConfigurationList = C3669AF027F25F1300170F23 /* Build configuration list for PBXProject "MovieApp" */;
			compatibilityVersion = "Xcode 13.0";
			developmentRegion = en;
			hasScannedForEncodings = 0;
			knownRegions = (
				en,
				Base,
			);
			mainGroup = C3669AEC27F25F1300170F23;
			packageReferences = (
				C35FE3452800B4F600D3DAAF /* XCRemoteSwiftPackageReference "SnapKit" */,
				C31404FB2801CA1400B3F949 /* XCRemoteSwiftPackageReference "MovieAppData" */,
			);
			productRefGroup = C3669AF627F25F1300170F23 /* Products */;
			projectDirPath = "";
			projectRoot = "";
			targets = (
				C3669AF427F25F1300170F23 /* MovieApp */,
			);
		};
/* End PBXProject section */

/* Begin PBXResourcesBuildPhase section */
		C3669AF327F25F1300170F23 /* Resources */ = {
			isa = PBXResourcesBuildPhase;
			buildActionMask = 2147483647;
			files = (
				C3669B0527F25F1400170F23 /* LaunchScreen.storyboard in Resources */,
				C3669B0227F25F1400170F23 /* Assets.xcassets in Resources */,
				C3669B0027F25F1300170F23 /* Main.storyboard in Resources */,
			);
			runOnlyForDeploymentPostprocessing = 0;
		};
/* End PBXResourcesBuildPhase section */

/* Begin PBXSourcesBuildPhase section */
		C3669AF127F25F1300170F23 /* Sources */ = {
			isa = PBXSourcesBuildPhase;
			buildActionMask = 2147483647;
			files = (
				C314052428240F2400B3F949 /* Response.swift in Sources */,
				C314050E28030E4200B3F949 /* MovieCollectionCell.swift in Sources */,
				C3140516281FF2A200B3F949 /* FilterCellModel.swift in Sources */,
				C3669B0D27F267F400170F23 /* MovieDetailsViewController.swift in Sources */,
				C31405102803365200B3F949 /* FilterCell.swift in Sources */,
				C3C70220282574E700C34FD1 /* Genres.swift in Sources */,
				C362A0322827AAC20021CC50 /* NoNetworkViewController.swift in Sources */,
				C31405202823B98500B3F949 /* NetworkService.swift in Sources */,
				C31404F62800C77C00B3F949 /* TablePersonRole.swift in Sources */,
				C3C702292827065E00C34FD1 /* SpokenLanguages.swift in Sources */,
				C3C70225282703ED00C34FD1 /* MovieDetailsModel.swift in Sources */,
				C3C70222282575FC00C34FD1 /* MovieGroupAPI.swift in Sources */,
				C314051A28200AD200B3F949 /* TitleDescriptionImageModel.swift in Sources */,
				C314052228240DA100B3F949 /* MyResult.swift in Sources */,
				C3669AFD27F25F1300170F23 /* ViewController.swift in Sources */,
				C3C70216282547DD00C34FD1 /* AppRouter.swift in Sources */,
				C3C702272827059500C34FD1 /* ProductionCompanies.swift in Sources */,
				C362A0342827F0490021CC50 /* NetworkServiceProtocol.swift in Sources */,
				C3C7021C2825744F00C34FD1 /* MovieGenresTitleModel.swift in Sources */,
				C31405082802DDA300B3F949 /* ListOfMoviesTableViewCell.swift in Sources */,
				C3C7022B282706FC00C34FD1 /* ProductionCountries.swift in Sources */,
				C3C7022D282709B800C34FD1 /* Collection.swift in Sources */,
				C314051C2821D3D600B3F949 /* FavoritesViewController.swift in Sources */,
				C31404FA2801C54900B3F949 /* SearchBarView.swift in Sources */,
				C3C7021E282574BC00C34FD1 /* Genre.swift in Sources */,
				C31405012802290700B3F949 /* ListOfMoviesCollectionViewCell.swift in Sources */,
				C31404F82801C41500B3F949 /* MovieListViewController.swift in Sources */,
				C3669AF927F25F1300170F23 /* AppDelegate.swift in Sources */,
				C3669AFB27F25F1300170F23 /* SceneDelegate.swift in Sources */,
			);
			runOnlyForDeploymentPostprocessing = 0;
		};
/* End PBXSourcesBuildPhase section */

/* Begin PBXVariantGroup section */
		C3669AFE27F25F1300170F23 /* Main.storyboard */ = {
			isa = PBXVariantGroup;
			children = (
				C3669AFF27F25F1300170F23 /* Base */,
			);
			name = Main.storyboard;
			sourceTree = "<group>";
		};
		C3669B0327F25F1400170F23 /* LaunchScreen.storyboard */ = {
			isa = PBXVariantGroup;
			children = (
				C3669B0427F25F1400170F23 /* Base */,
			);
			name = LaunchScreen.storyboard;
			sourceTree = "<group>";
		};
/* End PBXVariantGroup section */

/* Begin XCBuildConfiguration section */
		C3669B0727F25F1400170F23 /* Debug */ = {
			isa = XCBuildConfiguration;
			buildSettings = {
				ALWAYS_SEARCH_USER_PATHS = NO;
				CLANG_ANALYZER_NONNULL = YES;
				CLANG_ANALYZER_NUMBER_OBJECT_CONVERSION = YES_AGGRESSIVE;
				CLANG_CXX_LANGUAGE_STANDARD = "gnu++17";
				CLANG_CXX_LIBRARY = "libc++";
				CLANG_ENABLE_MODULES = YES;
				CLANG_ENABLE_OBJC_ARC = YES;
				CLANG_ENABLE_OBJC_WEAK = YES;
				CLANG_WARN_BLOCK_CAPTURE_AUTORELEASING = YES;
				CLANG_WARN_BOOL_CONVERSION = YES;
				CLANG_WARN_COMMA = YES;
				CLANG_WARN_CONSTANT_CONVERSION = YES;
				CLANG_WARN_DEPRECATED_OBJC_IMPLEMENTATIONS = YES;
				CLANG_WARN_DIRECT_OBJC_ISA_USAGE = YES_ERROR;
				CLANG_WARN_DOCUMENTATION_COMMENTS = YES;
				CLANG_WARN_EMPTY_BODY = YES;
				CLANG_WARN_ENUM_CONVERSION = YES;
				CLANG_WARN_INFINITE_RECURSION = YES;
				CLANG_WARN_INT_CONVERSION = YES;
				CLANG_WARN_NON_LITERAL_NULL_CONVERSION = YES;
				CLANG_WARN_OBJC_IMPLICIT_RETAIN_SELF = YES;
				CLANG_WARN_OBJC_LITERAL_CONVERSION = YES;
				CLANG_WARN_OBJC_ROOT_CLASS = YES_ERROR;
				CLANG_WARN_QUOTED_INCLUDE_IN_FRAMEWORK_HEADER = YES;
				CLANG_WARN_RANGE_LOOP_ANALYSIS = YES;
				CLANG_WARN_STRICT_PROTOTYPES = YES;
				CLANG_WARN_SUSPICIOUS_MOVE = YES;
				CLANG_WARN_UNGUARDED_AVAILABILITY = YES_AGGRESSIVE;
				CLANG_WARN_UNREACHABLE_CODE = YES;
				CLANG_WARN__DUPLICATE_METHOD_MATCH = YES;
				COPY_PHASE_STRIP = NO;
				DEBUG_INFORMATION_FORMAT = dwarf;
				ENABLE_STRICT_OBJC_MSGSEND = YES;
				ENABLE_TESTABILITY = YES;
				GCC_C_LANGUAGE_STANDARD = gnu11;
				GCC_DYNAMIC_NO_PIC = NO;
				GCC_NO_COMMON_BLOCKS = YES;
				GCC_OPTIMIZATION_LEVEL = 0;
				GCC_PREPROCESSOR_DEFINITIONS = (
					"DEBUG=1",
					"$(inherited)",
				);
				GCC_WARN_64_TO_32_BIT_CONVERSION = YES;
				GCC_WARN_ABOUT_RETURN_TYPE = YES_ERROR;
				GCC_WARN_UNDECLARED_SELECTOR = YES;
				GCC_WARN_UNINITIALIZED_AUTOS = YES_AGGRESSIVE;
				GCC_WARN_UNUSED_FUNCTION = YES;
				GCC_WARN_UNUSED_VARIABLE = YES;
				IPHONEOS_DEPLOYMENT_TARGET = 15.2;
				MTL_ENABLE_DEBUG_INFO = INCLUDE_SOURCE;
				MTL_FAST_MATH = YES;
				ONLY_ACTIVE_ARCH = YES;
				SDKROOT = iphoneos;
				SWIFT_ACTIVE_COMPILATION_CONDITIONS = DEBUG;
				SWIFT_OPTIMIZATION_LEVEL = "-Onone";
			};
			name = Debug;
		};
		C3669B0827F25F1400170F23 /* Release */ = {
			isa = XCBuildConfiguration;
			buildSettings = {
				ALWAYS_SEARCH_USER_PATHS = NO;
				CLANG_ANALYZER_NONNULL = YES;
				CLANG_ANALYZER_NUMBER_OBJECT_CONVERSION = YES_AGGRESSIVE;
				CLANG_CXX_LANGUAGE_STANDARD = "gnu++17";
				CLANG_CXX_LIBRARY = "libc++";
				CLANG_ENABLE_MODULES = YES;
				CLANG_ENABLE_OBJC_ARC = YES;
				CLANG_ENABLE_OBJC_WEAK = YES;
				CLANG_WARN_BLOCK_CAPTURE_AUTORELEASING = YES;
				CLANG_WARN_BOOL_CONVERSION = YES;
				CLANG_WARN_COMMA = YES;
				CLANG_WARN_CONSTANT_CONVERSION = YES;
				CLANG_WARN_DEPRECATED_OBJC_IMPLEMENTATIONS = YES;
				CLANG_WARN_DIRECT_OBJC_ISA_USAGE = YES_ERROR;
				CLANG_WARN_DOCUMENTATION_COMMENTS = YES;
				CLANG_WARN_EMPTY_BODY = YES;
				CLANG_WARN_ENUM_CONVERSION = YES;
				CLANG_WARN_INFINITE_RECURSION = YES;
				CLANG_WARN_INT_CONVERSION = YES;
				CLANG_WARN_NON_LITERAL_NULL_CONVERSION = YES;
				CLANG_WARN_OBJC_IMPLICIT_RETAIN_SELF = YES;
				CLANG_WARN_OBJC_LITERAL_CONVERSION = YES;
				CLANG_WARN_OBJC_ROOT_CLASS = YES_ERROR;
				CLANG_WARN_QUOTED_INCLUDE_IN_FRAMEWORK_HEADER = YES;
				CLANG_WARN_RANGE_LOOP_ANALYSIS = YES;
				CLANG_WARN_STRICT_PROTOTYPES = YES;
				CLANG_WARN_SUSPICIOUS_MOVE = YES;
				CLANG_WARN_UNGUARDED_AVAILABILITY = YES_AGGRESSIVE;
				CLANG_WARN_UNREACHABLE_CODE = YES;
				CLANG_WARN__DUPLICATE_METHOD_MATCH = YES;
				COPY_PHASE_STRIP = NO;
				DEBUG_INFORMATION_FORMAT = "dwarf-with-dsym";
				ENABLE_NS_ASSERTIONS = NO;
				ENABLE_STRICT_OBJC_MSGSEND = YES;
				GCC_C_LANGUAGE_STANDARD = gnu11;
				GCC_NO_COMMON_BLOCKS = YES;
				GCC_WARN_64_TO_32_BIT_CONVERSION = YES;
				GCC_WARN_ABOUT_RETURN_TYPE = YES_ERROR;
				GCC_WARN_UNDECLARED_SELECTOR = YES;
				GCC_WARN_UNINITIALIZED_AUTOS = YES_AGGRESSIVE;
				GCC_WARN_UNUSED_FUNCTION = YES;
				GCC_WARN_UNUSED_VARIABLE = YES;
				IPHONEOS_DEPLOYMENT_TARGET = 15.2;
				MTL_ENABLE_DEBUG_INFO = NO;
				MTL_FAST_MATH = YES;
				SDKROOT = iphoneos;
				SWIFT_COMPILATION_MODE = wholemodule;
				SWIFT_OPTIMIZATION_LEVEL = "-O";
				VALIDATE_PRODUCT = YES;
			};
			name = Release;
		};
		C3669B0A27F25F1400170F23 /* Debug */ = {
			isa = XCBuildConfiguration;
			buildSettings = {
				ASSETCATALOG_COMPILER_APPICON_NAME = AppIcon;
				ASSETCATALOG_COMPILER_GLOBAL_ACCENT_COLOR_NAME = AccentColor;
				CODE_SIGN_STYLE = Automatic;
				CURRENT_PROJECT_VERSION = 1;
				GENERATE_INFOPLIST_FILE = YES;
				INFOPLIST_FILE = MovieApp/Info.plist;
				INFOPLIST_KEY_UIApplicationSupportsIndirectInputEvents = YES;
				INFOPLIST_KEY_UILaunchStoryboardName = LaunchScreen;
				INFOPLIST_KEY_UIMainStoryboardFile = Main;
				INFOPLIST_KEY_UISupportedInterfaceOrientations = "";
				INFOPLIST_KEY_UISupportedInterfaceOrientations_iPad = UIInterfaceOrientationPortrait;
				INFOPLIST_KEY_UISupportedInterfaceOrientations_iPhone = UIInterfaceOrientationPortrait;
				LD_RUNPATH_SEARCH_PATHS = (
					"$(inherited)",
					"@executable_path/Frameworks",
				);
				MARKETING_VERSION = 1.0;
				PRODUCT_BUNDLE_IDENTIFIER = hr.fer.lazar.lorena.MovieApp;
				PRODUCT_NAME = "$(TARGET_NAME)";
				SWIFT_EMIT_LOC_STRINGS = YES;
				SWIFT_VERSION = 5.0;
				TARGETED_DEVICE_FAMILY = "1,2";
			};
			name = Debug;
		};
		C3669B0B27F25F1400170F23 /* Release */ = {
			isa = XCBuildConfiguration;
			buildSettings = {
				ASSETCATALOG_COMPILER_APPICON_NAME = AppIcon;
				ASSETCATALOG_COMPILER_GLOBAL_ACCENT_COLOR_NAME = AccentColor;
				CODE_SIGN_STYLE = Automatic;
				CURRENT_PROJECT_VERSION = 1;
				GENERATE_INFOPLIST_FILE = YES;
				INFOPLIST_FILE = MovieApp/Info.plist;
				INFOPLIST_KEY_UIApplicationSupportsIndirectInputEvents = YES;
				INFOPLIST_KEY_UILaunchStoryboardName = LaunchScreen;
				INFOPLIST_KEY_UIMainStoryboardFile = Main;
				INFOPLIST_KEY_UISupportedInterfaceOrientations = "";
				INFOPLIST_KEY_UISupportedInterfaceOrientations_iPad = UIInterfaceOrientationPortrait;
				INFOPLIST_KEY_UISupportedInterfaceOrientations_iPhone = UIInterfaceOrientationPortrait;
				LD_RUNPATH_SEARCH_PATHS = (
					"$(inherited)",
					"@executable_path/Frameworks",
				);
				MARKETING_VERSION = 1.0;
				PRODUCT_BUNDLE_IDENTIFIER = hr.fer.lazar.lorena.MovieApp;
				PRODUCT_NAME = "$(TARGET_NAME)";
				SWIFT_EMIT_LOC_STRINGS = YES;
				SWIFT_VERSION = 5.0;
				TARGETED_DEVICE_FAMILY = "1,2";
			};
			name = Release;
		};
/* End XCBuildConfiguration section */

/* Begin XCConfigurationList section */
		C3669AF027F25F1300170F23 /* Build configuration list for PBXProject "MovieApp" */ = {
			isa = XCConfigurationList;
			buildConfigurations = (
				C3669B0727F25F1400170F23 /* Debug */,
				C3669B0827F25F1400170F23 /* Release */,
			);
			defaultConfigurationIsVisible = 0;
			defaultConfigurationName = Release;
		};
		C3669B0927F25F1400170F23 /* Build configuration list for PBXNativeTarget "MovieApp" */ = {
			isa = XCConfigurationList;
			buildConfigurations = (
				C3669B0A27F25F1400170F23 /* Debug */,
				C3669B0B27F25F1400170F23 /* Release */,
			);
			defaultConfigurationIsVisible = 0;
			defaultConfigurationName = Release;
		};
/* End XCConfigurationList section */

/* Begin XCRemoteSwiftPackageReference section */
		C31404FB2801CA1400B3F949 /* XCRemoteSwiftPackageReference "MovieAppData" */ = {
			isa = XCRemoteSwiftPackageReference;
			repositoryURL = "https://github.com/fiveagency/MovieAppData.git";
			requirement = {
				kind = upToNextMajorVersion;
				minimumVersion = 1.0.0;
			};
		};
		C35FE3452800B4F600D3DAAF /* XCRemoteSwiftPackageReference "SnapKit" */ = {
			isa = XCRemoteSwiftPackageReference;
			repositoryURL = "https://github.com/SnapKit/SnapKit.git";
			requirement = {
				kind = upToNextMajorVersion;
				minimumVersion = 5.0.0;
			};
		};
/* End XCRemoteSwiftPackageReference section */

/* Begin XCSwiftPackageProductDependency section */
		C31404FC2801CA1400B3F949 /* MovieAppData */ = {
			isa = XCSwiftPackageProductDependency;
			package = C31404FB2801CA1400B3F949 /* XCRemoteSwiftPackageReference "MovieAppData" */;
			productName = MovieAppData;
		};
		C35FE3462800B4F600D3DAAF /* SnapKit */ = {
			isa = XCSwiftPackageProductDependency;
			package = C35FE3452800B4F600D3DAAF /* XCRemoteSwiftPackageReference "SnapKit" */;
			productName = SnapKit;
		};
/* End XCSwiftPackageProductDependency section */
	};
	rootObject = C3669AED27F25F1300170F23 /* Project object */;
}
